// !$*UTF8*$!
{
	archiveVersion = 1;
	classes = {
	};
	objectVersion = 48;
	objects = {

/* Begin PBXBuildFile section */
		9B41DC201FA35F6900761D8E /* launchsc.png in Resources */ = {isa = PBXBuildFile; fileRef = 9B41DC1F1FA35F6900761D8E /* launchsc.png */; };
		9B4C92601FA24C0C000860AE /* UserDefaultsManager.swift in Sources */ = {isa = PBXBuildFile; fileRef = 9B4C925F1FA24C0C000860AE /* UserDefaultsManager.swift */; };
		9B56D93B1F9FC222006316B3 /* AppDelegate.swift in Sources */ = {isa = PBXBuildFile; fileRef = 9B56D93A1F9FC222006316B3 /* AppDelegate.swift */; };
		9B56D93D1F9FC222006316B3 /* ViewController.swift in Sources */ = {isa = PBXBuildFile; fileRef = 9B56D93C1F9FC222006316B3 /* ViewController.swift */; };
		9B56D9401F9FC222006316B3 /* Main.storyboard in Resources */ = {isa = PBXBuildFile; fileRef = 9B56D93E1F9FC222006316B3 /* Main.storyboard */; };
		9B56D9421F9FC222006316B3 /* Assets.xcassets in Resources */ = {isa = PBXBuildFile; fileRef = 9B56D9411F9FC222006316B3 /* Assets.xcassets */; };
		9B56D9451F9FC222006316B3 /* LaunchScreen.storyboard in Resources */ = {isa = PBXBuildFile; fileRef = 9B56D9431F9FC222006316B3 /* LaunchScreen.storyboard */; };
		9B56D99C1F9FE781006316B3 /* couture-bld.otf in Resources */ = {isa = PBXBuildFile; fileRef = 9B56D9701F9FE77F006316B3 /* couture-bld.otf */; };
		9B56D9AD1F9FE87C006316B3 /* logo.png in Resources */ = {isa = PBXBuildFile; fileRef = 9B56D9A91F9FE87C006316B3 /* logo.png */; };
		9B56D9AE1F9FE87C006316B3 /* delete.png in Resources */ = {isa = PBXBuildFile; fileRef = 9B56D9AA1F9FE87C006316B3 /* delete.png */; };
		9B56D9AF1F9FE87C006316B3 /* buttons.png in Resources */ = {isa = PBXBuildFile; fileRef = 9B56D9AB1F9FE87C006316B3 /* buttons.png */; };
		9B56D9B01F9FE87C006316B3 /* bg.png in Resources */ = {isa = PBXBuildFile; fileRef = 9B56D9AC1F9FE87C006316B3 /* bg.png */; };
		9B56D9E61F9FE8CF006316B3 /* 3s.png in Resources */ = {isa = PBXBuildFile; fileRef = 9B56D9B11F9FE8CB006316B3 /* 3s.png */; };
		9B56D9E71F9FE8CF006316B3 /* 10h.png in Resources */ = {isa = PBXBuildFile; fileRef = 9B56D9B21F9FE8CB006316B3 /* 10h.png */; };
		9B56D9E81F9FE8CF006316B3 /* 6s.png in Resources */ = {isa = PBXBuildFile; fileRef = 9B56D9B31F9FE8CB006316B3 /* 6s.png */; };
		9B56D9E91F9FE8CF006316B3 /* 13d.png in Resources */ = {isa = PBXBuildFile; fileRef = 9B56D9B41F9FE8CB006316B3 /* 13d.png */; };
		9B56D9EA1F9FE8CF006316B3 /* 5c.png in Resources */ = {isa = PBXBuildFile; fileRef = 9B56D9B51F9FE8CB006316B3 /* 5c.png */; };
		9B56D9EB1F9FE8CF006316B3 /* 5d.png in Resources */ = {isa = PBXBuildFile; fileRef = 9B56D9B61F9FE8CB006316B3 /* 5d.png */; };
		9B56D9EC1F9FE8CF006316B3 /* 4s.png in Resources */ = {isa = PBXBuildFile; fileRef = 9B56D9B71F9FE8CB006316B3 /* 4s.png */; };
		9B56D9ED1F9FE8CF006316B3 /* 10s.png in Resources */ = {isa = PBXBuildFile; fileRef = 9B56D9B81F9FE8CB006316B3 /* 10s.png */; };
		9B56D9EE1F9FE8CF006316B3 /* 7h.png in Resources */ = {isa = PBXBuildFile; fileRef = 9B56D9B91F9FE8CC006316B3 /* 7h.png */; };
		9B56D9EF1F9FE8CF006316B3 /* 1h.png in Resources */ = {isa = PBXBuildFile; fileRef = 9B56D9BA1F9FE8CC006316B3 /* 1h.png */; };
		9B56D9F01F9FE8CF006316B3 /* 2d.png in Resources */ = {isa = PBXBuildFile; fileRef = 9B56D9BB1F9FE8CC006316B3 /* 2d.png */; };
		9B56D9F11F9FE8CF006316B3 /* 3c.png in Resources */ = {isa = PBXBuildFile; fileRef = 9B56D9BC1F9FE8CC006316B3 /* 3c.png */; };
		9B56D9F21F9FE8CF006316B3 /* 3d.png in Resources */ = {isa = PBXBuildFile; fileRef = 9B56D9BD1F9FE8CC006316B3 /* 3d.png */; };
		9B56D9F31F9FE8CF006316B3 /* 7c.png in Resources */ = {isa = PBXBuildFile; fileRef = 9B56D9BE1F9FE8CC006316B3 /* 7c.png */; };
		9B56D9F41F9FE8CF006316B3 /* 11h.png in Resources */ = {isa = PBXBuildFile; fileRef = 9B56D9BF1F9FE8CC006316B3 /* 11h.png */; };
		9B56D9F51F9FE8CF006316B3 /* 13s.png in Resources */ = {isa = PBXBuildFile; fileRef = 9B56D9C01F9FE8CC006316B3 /* 13s.png */; };
		9B56D9F61F9FE8CF006316B3 /* 4c.png in Resources */ = {isa = PBXBuildFile; fileRef = 9B56D9C11F9FE8CC006316B3 /* 4c.png */; };
		9B56D9F71F9FE8CF006316B3 /* 11s.png in Resources */ = {isa = PBXBuildFile; fileRef = 9B56D9C21F9FE8CC006316B3 /* 11s.png */; };
		9B56D9F81F9FE8CF006316B3 /* 9d.png in Resources */ = {isa = PBXBuildFile; fileRef = 9B56D9C31F9FE8CC006316B3 /* 9d.png */; };
		9B56D9F91F9FE8CF006316B3 /* 1c.png in Resources */ = {isa = PBXBuildFile; fileRef = 9B56D9C41F9FE8CC006316B3 /* 1c.png */; };
		9B56D9FA1F9FE8CF006316B3 /* 4h.png in Resources */ = {isa = PBXBuildFile; fileRef = 9B56D9C51F9FE8CC006316B3 /* 4h.png */; };
		9B56D9FB1F9FE8CF006316B3 /* 6c.png in Resources */ = {isa = PBXBuildFile; fileRef = 9B56D9C61F9FE8CC006316B3 /* 6c.png */; };
		9B56D9FC1F9FE8CF006316B3 /* 12h.png in Resources */ = {isa = PBXBuildFile; fileRef = 9B56D9C71F9FE8CC006316B3 /* 12h.png */; };
		9B56D9FD1F9FE8CF006316B3 /* 13c.png in Resources */ = {isa = PBXBuildFile; fileRef = 9B56D9C81F9FE8CC006316B3 /* 13c.png */; };
		9B56D9FE1F9FE8CF006316B3 /* 2h.png in Resources */ = {isa = PBXBuildFile; fileRef = 9B56D9C91F9FE8CC006316B3 /* 2h.png */; };
		9B56D9FF1F9FE8CF006316B3 /* back.png in Resources */ = {isa = PBXBuildFile; fileRef = 9B56D9CA1F9FE8CC006316B3 /* back.png */; };
		9B56DA001F9FE8CF006316B3 /* 9c.png in Resources */ = {isa = PBXBuildFile; fileRef = 9B56D9CB1F9FE8CC006316B3 /* 9c.png */; };
		9B56DA011F9FE8CF006316B3 /* 5s.png in Resources */ = {isa = PBXBuildFile; fileRef = 9B56D9CC1F9FE8CD006316B3 /* 5s.png */; };
		9B56DA021F9FE8CF006316B3 /* 5h.png in Resources */ = {isa = PBXBuildFile; fileRef = 9B56D9CD1F9FE8CD006316B3 /* 5h.png */; };
		9B56DA031F9FE8CF006316B3 /* 2c.png in Resources */ = {isa = PBXBuildFile; fileRef = 9B56D9CE1F9FE8CD006316B3 /* 2c.png */; };
		9B56DA041F9FE8CF006316B3 /* 1d.png in Resources */ = {isa = PBXBuildFile; fileRef = 9B56D9CF1F9FE8CD006316B3 /* 1d.png */; };
		9B56DA051F9FE8CF006316B3 /* 2s.png in Resources */ = {isa = PBXBuildFile; fileRef = 9B56D9D01F9FE8CD006316B3 /* 2s.png */; };
		9B56DA061F9FE8CF006316B3 /* 4d.png in Resources */ = {isa = PBXBuildFile; fileRef = 9B56D9D11F9FE8CD006316B3 /* 4d.png */; };
		9B56DA071F9FE8CF006316B3 /* 8h.png in Resources */ = {isa = PBXBuildFile; fileRef = 9B56D9D21F9FE8CD006316B3 /* 8h.png */; };
		9B56DA081F9FE8CF006316B3 /* 7d.png in Resources */ = {isa = PBXBuildFile; fileRef = 9B56D9D31F9FE8CD006316B3 /* 7d.png */; };
		9B56DA091F9FE8CF006316B3 /* 6h.png in Resources */ = {isa = PBXBuildFile; fileRef = 9B56D9D41F9FE8CD006316B3 /* 6h.png */; };
		9B56DA0A1F9FE8CF006316B3 /* 13h.png in Resources */ = {isa = PBXBuildFile; fileRef = 9B56D9D51F9FE8CD006316B3 /* 13h.png */; };
		9B56DA0B1F9FE8CF006316B3 /* 10c.png in Resources */ = {isa = PBXBuildFile; fileRef = 9B56D9D61F9FE8CD006316B3 /* 10c.png */; };
		9B56DA0C1F9FE8CF006316B3 /* 10d.png in Resources */ = {isa = PBXBuildFile; fileRef = 9B56D9D71F9FE8CE006316B3 /* 10d.png */; };
		9B56DA0D1F9FE8CF006316B3 /* 8s.png in Resources */ = {isa = PBXBuildFile; fileRef = 9B56D9D81F9FE8CE006316B3 /* 8s.png */; };
		9B56DA0E1F9FE8CF006316B3 /* 11c.png in Resources */ = {isa = PBXBuildFile; fileRef = 9B56D9D91F9FE8CE006316B3 /* 11c.png */; };
		9B56DA0F1F9FE8CF006316B3 /* 8d.png in Resources */ = {isa = PBXBuildFile; fileRef = 9B56D9DA1F9FE8CE006316B3 /* 8d.png */; };
		9B56DA101F9FE8CF006316B3 /* 3h.png in Resources */ = {isa = PBXBuildFile; fileRef = 9B56D9DB1F9FE8CE006316B3 /* 3h.png */; };
		9B56DA111F9FE8CF006316B3 /* 6d.png in Resources */ = {isa = PBXBuildFile; fileRef = 9B56D9DC1F9FE8CE006316B3 /* 6d.png */; };
		9B56DA121F9FE8CF006316B3 /* 7s.png in Resources */ = {isa = PBXBuildFile; fileRef = 9B56D9DD1F9FE8CE006316B3 /* 7s.png */; };
		9B56DA131F9FE8CF006316B3 /* 9s.png in Resources */ = {isa = PBXBuildFile; fileRef = 9B56D9DE1F9FE8CE006316B3 /* 9s.png */; };
		9B56DA141F9FE8CF006316B3 /* 8c.png in Resources */ = {isa = PBXBuildFile; fileRef = 9B56D9DF1F9FE8CE006316B3 /* 8c.png */; };
		9B56DA151F9FE8CF006316B3 /* 12s.png in Resources */ = {isa = PBXBuildFile; fileRef = 9B56D9E01F9FE8CE006316B3 /* 12s.png */; };
		9B56DA161F9FE8CF006316B3 /* 12c.png in Resources */ = {isa = PBXBuildFile; fileRef = 9B56D9E11F9FE8CF006316B3 /* 12c.png */; };
		9B56DA171F9FE8CF006316B3 /* 1s.png in Resources */ = {isa = PBXBuildFile; fileRef = 9B56D9E21F9FE8CF006316B3 /* 1s.png */; };
		9B56DA181F9FE8CF006316B3 /* 12d.png in Resources */ = {isa = PBXBuildFile; fileRef = 9B56D9E31F9FE8CF006316B3 /* 12d.png */; };
		9B56DA191F9FE8CF006316B3 /* 9h.png in Resources */ = {isa = PBXBuildFile; fileRef = 9B56D9E41F9FE8CF006316B3 /* 9h.png */; };
		9B56DA1A1F9FE8CF006316B3 /* 11d.png in Resources */ = {isa = PBXBuildFile; fileRef = 9B56D9E51F9FE8CF006316B3 /* 11d.png */; };
		9B56DA201F9FE8E0006316B3 /* blur_4.png in Resources */ = {isa = PBXBuildFile; fileRef = 9B56DA1B1F9FE8E0006316B3 /* blur_4.png */; };
		9B56DA211F9FE8E0006316B3 /* blur_5.png in Resources */ = {isa = PBXBuildFile; fileRef = 9B56DA1C1F9FE8E0006316B3 /* blur_5.png */; };
		9B56DA221F9FE8E0006316B3 /* blur_1.png in Resources */ = {isa = PBXBuildFile; fileRef = 9B56DA1D1F9FE8E0006316B3 /* blur_1.png */; };
		9B56DA231F9FE8E0006316B3 /* blur_3.png in Resources */ = {isa = PBXBuildFile; fileRef = 9B56DA1E1F9FE8E0006316B3 /* blur_3.png */; };
		9B56DA241F9FE8E0006316B3 /* blur_2.png in Resources */ = {isa = PBXBuildFile; fileRef = 9B56DA1F1F9FE8E0006316B3 /* blur_2.png */; };
		9B56DA441F9FE9BF006316B3 /* Icon-80.png in Resources */ = {isa = PBXBuildFile; fileRef = 9B56DA261F9FE9BD006316B3 /* Icon-80.png */; };
		9B56DA451F9FE9BF006316B3 /* Icon-76.png in Resources */ = {isa = PBXBuildFile; fileRef = 9B56DA271F9FE9BD006316B3 /* Icon-76.png */; };
		9B56DA461F9FE9BF006316B3 /* Icon-87.png in Resources */ = {isa = PBXBuildFile; fileRef = 9B56DA281F9FE9BD006316B3 /* Icon-87.png */; };
		9B56DA471F9FE9BF006316B3 /* Icon-48.png in Resources */ = {isa = PBXBuildFile; fileRef = 9B56DA291F9FE9BD006316B3 /* Icon-48.png */; };
		9B56DA481F9FE9BF006316B3 /* Icon-64.png in Resources */ = {isa = PBXBuildFile; fileRef = 9B56DA2A1F9FE9BD006316B3 /* Icon-64.png */; };
		9B56DA491F9FE9BF006316B3 /* Icon-57.png in Resources */ = {isa = PBXBuildFile; fileRef = 9B56DA2B1F9FE9BD006316B3 /* Icon-57.png */; };
		9B56DA4A1F9FE9BF006316B3 /* Icon-60.png in Resources */ = {isa = PBXBuildFile; fileRef = 9B56DA2C1F9FE9BD006316B3 /* Icon-60.png */; };
		9B56DA4B1F9FE9BF006316B3 /* Icon-100.png in Resources */ = {isa = PBXBuildFile; fileRef = 9B56DA2D1F9FE9BD006316B3 /* Icon-100.png */; };
		9B56DA4C1F9FE9BF006316B3 /* Icon-40.png in Resources */ = {isa = PBXBuildFile; fileRef = 9B56DA2E1F9FE9BD006316B3 /* Icon-40.png */; };
		9B56DA4D1F9FE9BF006316B3 /* Icon-167.png in Resources */ = {isa = PBXBuildFile; fileRef = 9B56DA2F1F9FE9BE006316B3 /* Icon-167.png */; };
		9B56DA4E1F9FE9BF006316B3 /* Icon-128.png in Resources */ = {isa = PBXBuildFile; fileRef = 9B56DA301F9FE9BE006316B3 /* Icon-128.png */; };
		9B56DA4F1F9FE9BF006316B3 /* Icon-72.png in Resources */ = {isa = PBXBuildFile; fileRef = 9B56DA311F9FE9BE006316B3 /* Icon-72.png */; };
		9B56DA501F9FE9BF006316B3 /* Icon-144.png in Resources */ = {isa = PBXBuildFile; fileRef = 9B56DA321F9FE9BE006316B3 /* Icon-144.png */; };
		9B56DA511F9FE9BF006316B3 /* Icon-180.png in Resources */ = {isa = PBXBuildFile; fileRef = 9B56DA331F9FE9BE006316B3 /* Icon-180.png */; };
		9B56DA521F9FE9BF006316B3 /* Icon-88.png in Resources */ = {isa = PBXBuildFile; fileRef = 9B56DA341F9FE9BE006316B3 /* Icon-88.png */; };
		9B56DA531F9FE9BF006316B3 /* Icon-196.png in Resources */ = {isa = PBXBuildFile; fileRef = 9B56DA351F9FE9BE006316B3 /* Icon-196.png */; };
		9B56DA541F9FE9BF006316B3 /* Icon-55.png in Resources */ = {isa = PBXBuildFile; fileRef = 9B56DA361F9FE9BE006316B3 /* Icon-55.png */; };
		9B56DA551F9FE9BF006316B3 /* Icon-20.png in Resources */ = {isa = PBXBuildFile; fileRef = 9B56DA371F9FE9BE006316B3 /* Icon-20.png */; };
		9B56DA561F9FE9BF006316B3 /* Icon-114.png in Resources */ = {isa = PBXBuildFile; fileRef = 9B56DA381F9FE9BE006316B3 /* Icon-114.png */; };
		9B56DA571F9FE9BF006316B3 /* Icon-152.png in Resources */ = {isa = PBXBuildFile; fileRef = 9B56DA391F9FE9BE006316B3 /* Icon-152.png */; };
		9B56DA581F9FE9BF006316B3 /* Icon-58.png in Resources */ = {isa = PBXBuildFile; fileRef = 9B56DA3A1F9FE9BE006316B3 /* Icon-58.png */; };
		9B56DA591F9FE9BF006316B3 /* Icon-172.png in Resources */ = {isa = PBXBuildFile; fileRef = 9B56DA3B1F9FE9BE006316B3 /* Icon-172.png */; };
		9B56DA5A1F9FE9BF006316B3 /* Icon-32.png in Resources */ = {isa = PBXBuildFile; fileRef = 9B56DA3C1F9FE9BE006316B3 /* Icon-32.png */; };
		9B56DA5B1F9FE9BF006316B3 /* Icon-50.png in Resources */ = {isa = PBXBuildFile; fileRef = 9B56DA3D1F9FE9BE006316B3 /* Icon-50.png */; };
		9B56DA5C1F9FE9BF006316B3 /* Icon-1024.png in Resources */ = {isa = PBXBuildFile; fileRef = 9B56DA3E1F9FE9BE006316B3 /* Icon-1024.png */; };
		9B56DA5D1F9FE9BF006316B3 /* Icon-29.png in Resources */ = {isa = PBXBuildFile; fileRef = 9B56DA3F1F9FE9BE006316B3 /* Icon-29.png */; };
		9B56DA5E1F9FE9BF006316B3 /* Icon-120.png in Resources */ = {isa = PBXBuildFile; fileRef = 9B56DA401F9FE9BE006316B3 /* Icon-120.png */; };
		9B56DA5F1F9FE9BF006316B3 /* Icon-256.png in Resources */ = {isa = PBXBuildFile; fileRef = 9B56DA411F9FE9BF006316B3 /* Icon-256.png */; };
		9B56DA601F9FE9BF006316B3 /* Icon-16.png in Resources */ = {isa = PBXBuildFile; fileRef = 9B56DA421F9FE9BF006316B3 /* Icon-16.png */; };
		9B56DA611F9FE9BF006316B3 /* Icon-512.png in Resources */ = {isa = PBXBuildFile; fileRef = 9B56DA431F9FE9BF006316B3 /* Icon-512.png */; };
		9B56DA631FA006D8006316B3 /* PokerHands.swift in Sources */ = {isa = PBXBuildFile; fileRef = 9B56DA621FA006D8006316B3 /* PokerHands.swift */; };
/* End PBXBuildFile section */

/* Begin PBXFileReference section */
		9B41DC1F1FA35F6900761D8E /* launchsc.png */ = {isa = PBXFileReference; lastKnownFileType = image.png; path = launchsc.png; sourceTree = "<group>"; };
		9B4C925F1FA24C0C000860AE /* UserDefaultsManager.swift */ = {isa = PBXFileReference; fileEncoding = 4; lastKnownFileType = sourcecode.swift; path = UserDefaultsManager.swift; sourceTree = "<group>"; };
		9B56D9371F9FC222006316B3 /* video_poker.app */ = {isa = PBXFileReference; explicitFileType = wrapper.application; includeInIndex = 0; path = video_poker.app; sourceTree = BUILT_PRODUCTS_DIR; };
		9B56D93A1F9FC222006316B3 /* AppDelegate.swift */ = {isa = PBXFileReference; lastKnownFileType = sourcecode.swift; path = AppDelegate.swift; sourceTree = "<group>"; };
		9B56D93C1F9FC222006316B3 /* ViewController.swift */ = {isa = PBXFileReference; lastKnownFileType = sourcecode.swift; path = ViewController.swift; sourceTree = "<group>"; };
		9B56D93F1F9FC222006316B3 /* Base */ = {isa = PBXFileReference; lastKnownFileType = file.storyboard; name = Base; path = Base.lproj/Main.storyboard; sourceTree = "<group>"; };
		9B56D9411F9FC222006316B3 /* Assets.xcassets */ = {isa = PBXFileReference; lastKnownFileType = folder.assetcatalog; path = Assets.xcassets; sourceTree = "<group>"; };
		9B56D9441F9FC222006316B3 /* Base */ = {isa = PBXFileReference; lastKnownFileType = file.storyboard; name = Base; path = Base.lproj/LaunchScreen.storyboard; sourceTree = "<group>"; };
		9B56D9461F9FC222006316B3 /* Info.plist */ = {isa = PBXFileReference; lastKnownFileType = text.plist.xml; path = Info.plist; sourceTree = "<group>"; };
		9B56D9701F9FE77F006316B3 /* couture-bld.otf */ = {isa = PBXFileReference; lastKnownFileType = file; path = "couture-bld.otf"; sourceTree = "<group>"; };
		9B56D9A91F9FE87C006316B3 /* logo.png */ = {isa = PBXFileReference; lastKnownFileType = image.png; path = logo.png; sourceTree = "<group>"; };
		9B56D9AA1F9FE87C006316B3 /* delete.png */ = {isa = PBXFileReference; lastKnownFileType = image.png; path = delete.png; sourceTree = "<group>"; };
		9B56D9AB1F9FE87C006316B3 /* buttons.png */ = {isa = PBXFileReference; lastKnownFileType = image.png; path = buttons.png; sourceTree = "<group>"; };
		9B56D9AC1F9FE87C006316B3 /* bg.png */ = {isa = PBXFileReference; lastKnownFileType = image.png; path = bg.png; sourceTree = "<group>"; };
		9B56D9B11F9FE8CB006316B3 /* 3s.png */ = {isa = PBXFileReference; lastKnownFileType = image.png; path = 3s.png; sourceTree = "<group>"; };
		9B56D9B21F9FE8CB006316B3 /* 10h.png */ = {isa = PBXFileReference; lastKnownFileType = image.png; path = 10h.png; sourceTree = "<group>"; };
		9B56D9B31F9FE8CB006316B3 /* 6s.png */ = {isa = PBXFileReference; lastKnownFileType = image.png; path = 6s.png; sourceTree = "<group>"; };
		9B56D9B41F9FE8CB006316B3 /* 13d.png */ = {isa = PBXFileReference; lastKnownFileType = image.png; path = 13d.png; sourceTree = "<group>"; };
		9B56D9B51F9FE8CB006316B3 /* 5c.png */ = {isa = PBXFileReference; lastKnownFileType = image.png; path = 5c.png; sourceTree = "<group>"; };
		9B56D9B61F9FE8CB006316B3 /* 5d.png */ = {isa = PBXFileReference; lastKnownFileType = image.png; path = 5d.png; sourceTree = "<group>"; };
		9B56D9B71F9FE8CB006316B3 /* 4s.png */ = {isa = PBXFileReference; lastKnownFileType = image.png; path = 4s.png; sourceTree = "<group>"; };
		9B56D9B81F9FE8CB006316B3 /* 10s.png */ = {isa = PBXFileReference; lastKnownFileType = image.png; path = 10s.png; sourceTree = "<group>"; };
		9B56D9B91F9FE8CC006316B3 /* 7h.png */ = {isa = PBXFileReference; lastKnownFileType = image.png; path = 7h.png; sourceTree = "<group>"; };
		9B56D9BA1F9FE8CC006316B3 /* 1h.png */ = {isa = PBXFileReference; lastKnownFileType = image.png; path = 1h.png; sourceTree = "<group>"; };
		9B56D9BB1F9FE8CC006316B3 /* 2d.png */ = {isa = PBXFileReference; lastKnownFileType = image.png; path = 2d.png; sourceTree = "<group>"; };
		9B56D9BC1F9FE8CC006316B3 /* 3c.png */ = {isa = PBXFileReference; lastKnownFileType = image.png; path = 3c.png; sourceTree = "<group>"; };
		9B56D9BD1F9FE8CC006316B3 /* 3d.png */ = {isa = PBXFileReference; lastKnownFileType = image.png; path = 3d.png; sourceTree = "<group>"; };
		9B56D9BE1F9FE8CC006316B3 /* 7c.png */ = {isa = PBXFileReference; lastKnownFileType = image.png; path = 7c.png; sourceTree = "<group>"; };
		9B56D9BF1F9FE8CC006316B3 /* 11h.png */ = {isa = PBXFileReference; lastKnownFileType = image.png; path = 11h.png; sourceTree = "<group>"; };
		9B56D9C01F9FE8CC006316B3 /* 13s.png */ = {isa = PBXFileReference; lastKnownFileType = image.png; path = 13s.png; sourceTree = "<group>"; };
		9B56D9C11F9FE8CC006316B3 /* 4c.png */ = {isa = PBXFileReference; lastKnownFileType = image.png; path = 4c.png; sourceTree = "<group>"; };
		9B56D9C21F9FE8CC006316B3 /* 11s.png */ = {isa = PBXFileReference; lastKnownFileType = image.png; path = 11s.png; sourceTree = "<group>"; };
		9B56D9C31F9FE8CC006316B3 /* 9d.png */ = {isa = PBXFileReference; lastKnownFileType = image.png; path = 9d.png; sourceTree = "<group>"; };
		9B56D9C41F9FE8CC006316B3 /* 1c.png */ = {isa = PBXFileReference; lastKnownFileType = image.png; path = 1c.png; sourceTree = "<group>"; };
		9B56D9C51F9FE8CC006316B3 /* 4h.png */ = {isa = PBXFileReference; lastKnownFileType = image.png; path = 4h.png; sourceTree = "<group>"; };
		9B56D9C61F9FE8CC006316B3 /* 6c.png */ = {isa = PBXFileReference; lastKnownFileType = image.png; path = 6c.png; sourceTree = "<group>"; };
		9B56D9C71F9FE8CC006316B3 /* 12h.png */ = {isa = PBXFileReference; lastKnownFileType = image.png; path = 12h.png; sourceTree = "<group>"; };
		9B56D9C81F9FE8CC006316B3 /* 13c.png */ = {isa = PBXFileReference; lastKnownFileType = image.png; path = 13c.png; sourceTree = "<group>"; };
		9B56D9C91F9FE8CC006316B3 /* 2h.png */ = {isa = PBXFileReference; lastKnownFileType = image.png; path = 2h.png; sourceTree = "<group>"; };
		9B56D9CA1F9FE8CC006316B3 /* back.png */ = {isa = PBXFileReference; lastKnownFileType = image.png; path = back.png; sourceTree = "<group>"; };
		9B56D9CB1F9FE8CC006316B3 /* 9c.png */ = {isa = PBXFileReference; lastKnownFileType = image.png; path = 9c.png; sourceTree = "<group>"; };
		9B56D9CC1F9FE8CD006316B3 /* 5s.png */ = {isa = PBXFileReference; lastKnownFileType = image.png; path = 5s.png; sourceTree = "<group>"; };
		9B56D9CD1F9FE8CD006316B3 /* 5h.png */ = {isa = PBXFileReference; lastKnownFileType = image.png; path = 5h.png; sourceTree = "<group>"; };
		9B56D9CE1F9FE8CD006316B3 /* 2c.png */ = {isa = PBXFileReference; lastKnownFileType = image.png; path = 2c.png; sourceTree = "<group>"; };
		9B56D9CF1F9FE8CD006316B3 /* 1d.png */ = {isa = PBXFileReference; lastKnownFileType = image.png; path = 1d.png; sourceTree = "<group>"; };
		9B56D9D01F9FE8CD006316B3 /* 2s.png */ = {isa = PBXFileReference; lastKnownFileType = image.png; path = 2s.png; sourceTree = "<group>"; };
		9B56D9D11F9FE8CD006316B3 /* 4d.png */ = {isa = PBXFileReference; lastKnownFileType = image.png; path = 4d.png; sourceTree = "<group>"; };
		9B56D9D21F9FE8CD006316B3 /* 8h.png */ = {isa = PBXFileReference; lastKnownFileType = image.png; path = 8h.png; sourceTree = "<group>"; };
		9B56D9D31F9FE8CD006316B3 /* 7d.png */ = {isa = PBXFileReference; lastKnownFileType = image.png; path = 7d.png; sourceTree = "<group>"; };
		9B56D9D41F9FE8CD006316B3 /* 6h.png */ = {isa = PBXFileReference; lastKnownFileType = image.png; path = 6h.png; sourceTree = "<group>"; };
		9B56D9D51F9FE8CD006316B3 /* 13h.png */ = {isa = PBXFileReference; lastKnownFileType = image.png; path = 13h.png; sourceTree = "<group>"; };
		9B56D9D61F9FE8CD006316B3 /* 10c.png */ = {isa = PBXFileReference; lastKnownFileType = image.png; path = 10c.png; sourceTree = "<group>"; };
		9B56D9D71F9FE8CE006316B3 /* 10d.png */ = {isa = PBXFileReference; lastKnownFileType = image.png; path = 10d.png; sourceTree = "<group>"; };
		9B56D9D81F9FE8CE006316B3 /* 8s.png */ = {isa = PBXFileReference; lastKnownFileType = image.png; path = 8s.png; sourceTree = "<group>"; };
		9B56D9D91F9FE8CE006316B3 /* 11c.png */ = {isa = PBXFileReference; lastKnownFileType = image.png; path = 11c.png; sourceTree = "<group>"; };
		9B56D9DA1F9FE8CE006316B3 /* 8d.png */ = {isa = PBXFileReference; lastKnownFileType = image.png; path = 8d.png; sourceTree = "<group>"; };
		9B56D9DB1F9FE8CE006316B3 /* 3h.png */ = {isa = PBXFileReference; lastKnownFileType = image.png; path = 3h.png; sourceTree = "<group>"; };
		9B56D9DC1F9FE8CE006316B3 /* 6d.png */ = {isa = PBXFileReference; lastKnownFileType = image.png; path = 6d.png; sourceTree = "<group>"; };
		9B56D9DD1F9FE8CE006316B3 /* 7s.png */ = {isa = PBXFileReference; lastKnownFileType = image.png; path = 7s.png; sourceTree = "<group>"; };
		9B56D9DE1F9FE8CE006316B3 /* 9s.png */ = {isa = PBXFileReference; lastKnownFileType = image.png; path = 9s.png; sourceTree = "<group>"; };
		9B56D9DF1F9FE8CE006316B3 /* 8c.png */ = {isa = PBXFileReference; lastKnownFileType = image.png; path = 8c.png; sourceTree = "<group>"; };
		9B56D9E01F9FE8CE006316B3 /* 12s.png */ = {isa = PBXFileReference; lastKnownFileType = image.png; path = 12s.png; sourceTree = "<group>"; };
		9B56D9E11F9FE8CF006316B3 /* 12c.png */ = {isa = PBXFileReference; lastKnownFileType = image.png; path = 12c.png; sourceTree = "<group>"; };
		9B56D9E21F9FE8CF006316B3 /* 1s.png */ = {isa = PBXFileReference; lastKnownFileType = image.png; path = 1s.png; sourceTree = "<group>"; };
		9B56D9E31F9FE8CF006316B3 /* 12d.png */ = {isa = PBXFileReference; lastKnownFileType = image.png; path = 12d.png; sourceTree = "<group>"; };
		9B56D9E41F9FE8CF006316B3 /* 9h.png */ = {isa = PBXFileReference; lastKnownFileType = image.png; path = 9h.png; sourceTree = "<group>"; };
		9B56D9E51F9FE8CF006316B3 /* 11d.png */ = {isa = PBXFileReference; lastKnownFileType = image.png; path = 11d.png; sourceTree = "<group>"; };
		9B56DA1B1F9FE8E0006316B3 /* blur_4.png */ = {isa = PBXFileReference; lastKnownFileType = image.png; path = blur_4.png; sourceTree = "<group>"; };
		9B56DA1C1F9FE8E0006316B3 /* blur_5.png */ = {isa = PBXFileReference; lastKnownFileType = image.png; path = blur_5.png; sourceTree = "<group>"; };
		9B56DA1D1F9FE8E0006316B3 /* blur_1.png */ = {isa = PBXFileReference; lastKnownFileType = image.png; path = blur_1.png; sourceTree = "<group>"; };
		9B56DA1E1F9FE8E0006316B3 /* blur_3.png */ = {isa = PBXFileReference; lastKnownFileType = image.png; path = blur_3.png; sourceTree = "<group>"; };
		9B56DA1F1F9FE8E0006316B3 /* blur_2.png */ = {isa = PBXFileReference; lastKnownFileType = image.png; path = blur_2.png; sourceTree = "<group>"; };
		9B56DA261F9FE9BD006316B3 /* Icon-80.png */ = {isa = PBXFileReference; lastKnownFileType = image.png; path = "Icon-80.png"; sourceTree = "<group>"; };
		9B56DA271F9FE9BD006316B3 /* Icon-76.png */ = {isa = PBXFileReference; lastKnownFileType = image.png; path = "Icon-76.png"; sourceTree = "<group>"; };
		9B56DA281F9FE9BD006316B3 /* Icon-87.png */ = {isa = PBXFileReference; lastKnownFileType = image.png; path = "Icon-87.png"; sourceTree = "<group>"; };
		9B56DA291F9FE9BD006316B3 /* Icon-48.png */ = {isa = PBXFileReference; lastKnownFileType = image.png; path = "Icon-48.png"; sourceTree = "<group>"; };
		9B56DA2A1F9FE9BD006316B3 /* Icon-64.png */ = {isa = PBXFileReference; lastKnownFileType = image.png; path = "Icon-64.png"; sourceTree = "<group>"; };
		9B56DA2B1F9FE9BD006316B3 /* Icon-57.png */ = {isa = PBXFileReference; lastKnownFileType = image.png; path = "Icon-57.png"; sourceTree = "<group>"; };
		9B56DA2C1F9FE9BD006316B3 /* Icon-60.png */ = {isa = PBXFileReference; lastKnownFileType = image.png; path = "Icon-60.png"; sourceTree = "<group>"; };
		9B56DA2D1F9FE9BD006316B3 /* Icon-100.png */ = {isa = PBXFileReference; lastKnownFileType = image.png; path = "Icon-100.png"; sourceTree = "<group>"; };
		9B56DA2E1F9FE9BD006316B3 /* Icon-40.png */ = {isa = PBXFileReference; lastKnownFileType = image.png; path = "Icon-40.png"; sourceTree = "<group>"; };
		9B56DA2F1F9FE9BE006316B3 /* Icon-167.png */ = {isa = PBXFileReference; lastKnownFileType = image.png; path = "Icon-167.png"; sourceTree = "<group>"; };
		9B56DA301F9FE9BE006316B3 /* Icon-128.png */ = {isa = PBXFileReference; lastKnownFileType = image.png; path = "Icon-128.png"; sourceTree = "<group>"; };
		9B56DA311F9FE9BE006316B3 /* Icon-72.png */ = {isa = PBXFileReference; lastKnownFileType = image.png; path = "Icon-72.png"; sourceTree = "<group>"; };
		9B56DA321F9FE9BE006316B3 /* Icon-144.png */ = {isa = PBXFileReference; lastKnownFileType = image.png; path = "Icon-144.png"; sourceTree = "<group>"; };
		9B56DA331F9FE9BE006316B3 /* Icon-180.png */ = {isa = PBXFileReference; lastKnownFileType = image.png; path = "Icon-180.png"; sourceTree = "<group>"; };
		9B56DA341F9FE9BE006316B3 /* Icon-88.png */ = {isa = PBXFileReference; lastKnownFileType = image.png; path = "Icon-88.png"; sourceTree = "<group>"; };
		9B56DA351F9FE9BE006316B3 /* Icon-196.png */ = {isa = PBXFileReference; lastKnownFileType = image.png; path = "Icon-196.png"; sourceTree = "<group>"; };
		9B56DA361F9FE9BE006316B3 /* Icon-55.png */ = {isa = PBXFileReference; lastKnownFileType = image.png; path = "Icon-55.png"; sourceTree = "<group>"; };
		9B56DA371F9FE9BE006316B3 /* Icon-20.png */ = {isa = PBXFileReference; lastKnownFileType = image.png; path = "Icon-20.png"; sourceTree = "<group>"; };
		9B56DA381F9FE9BE006316B3 /* Icon-114.png */ = {isa = PBXFileReference; lastKnownFileType = image.png; path = "Icon-114.png"; sourceTree = "<group>"; };
		9B56DA391F9FE9BE006316B3 /* Icon-152.png */ = {isa = PBXFileReference; lastKnownFileType = image.png; path = "Icon-152.png"; sourceTree = "<group>"; };
		9B56DA3A1F9FE9BE006316B3 /* Icon-58.png */ = {isa = PBXFileReference; lastKnownFileType = image.png; path = "Icon-58.png"; sourceTree = "<group>"; };
		9B56DA3B1F9FE9BE006316B3 /* Icon-172.png */ = {isa = PBXFileReference; lastKnownFileType = image.png; path = "Icon-172.png"; sourceTree = "<group>"; };
		9B56DA3C1F9FE9BE006316B3 /* Icon-32.png */ = {isa = PBXFileReference; lastKnownFileType = image.png; path = "Icon-32.png"; sourceTree = "<group>"; };
		9B56DA3D1F9FE9BE006316B3 /* Icon-50.png */ = {isa = PBXFileReference; lastKnownFileType = image.png; path = "Icon-50.png"; sourceTree = "<group>"; };
		9B56DA3E1F9FE9BE006316B3 /* Icon-1024.png */ = {isa = PBXFileReference; lastKnownFileType = image.png; path = "Icon-1024.png"; sourceTree = "<group>"; };
		9B56DA3F1F9FE9BE006316B3 /* Icon-29.png */ = {isa = PBXFileReference; lastKnownFileType = image.png; path = "Icon-29.png"; sourceTree = "<group>"; };
		9B56DA401F9FE9BE006316B3 /* Icon-120.png */ = {isa = PBXFileReference; lastKnownFileType = image.png; path = "Icon-120.png"; sourceTree = "<group>"; };
		9B56DA411F9FE9BF006316B3 /* Icon-256.png */ = {isa = PBXFileReference; lastKnownFileType = image.png; path = "Icon-256.png"; sourceTree = "<group>"; };
		9B56DA421F9FE9BF006316B3 /* Icon-16.png */ = {isa = PBXFileReference; lastKnownFileType = image.png; path = "Icon-16.png"; sourceTree = "<group>"; };
		9B56DA431F9FE9BF006316B3 /* Icon-512.png */ = {isa = PBXFileReference; lastKnownFileType = image.png; path = "Icon-512.png"; sourceTree = "<group>"; };
		9B56DA621FA006D8006316B3 /* PokerHands.swift */ = {isa = PBXFileReference; fileEncoding = 4; lastKnownFileType = sourcecode.swift; path = PokerHands.swift; sourceTree = "<group>"; };
/* End PBXFileReference section */

/* Begin PBXFrameworksBuildPhase section */
		9B56D9341F9FC222006316B3 /* Frameworks */ = {
			isa = PBXFrameworksBuildPhase;
			buildActionMask = 2147483647;
			files = (
			);
			runOnlyForDeploymentPostprocessing = 0;
		};
/* End PBXFrameworksBuildPhase section */

/* Begin PBXGroup section */
		9B56D92E1F9FC222006316B3 = {
			isa = PBXGroup;
			children = (
				9B56D9391F9FC222006316B3 /* video_poker */,
				9B56D9381F9FC222006316B3 /* Products */,
			);
			sourceTree = "<group>";
		};
		9B56D9381F9FC222006316B3 /* Products */ = {
			isa = PBXGroup;
			children = (
				9B56D9371F9FC222006316B3 /* video_poker.app */,
			);
			name = Products;
			sourceTree = "<group>";
		};
		9B56D9391F9FC222006316B3 /* video_poker */ = {
			isa = PBXGroup;
			children = (
				9B4C925F1FA24C0C000860AE /* UserDefaultsManager.swift */,
				9B56DA621FA006D8006316B3 /* PokerHands.swift */,
				9B56D94D1F9FC96C006316B3 /* fonts */,
				9B56D94C1F9FC959006316B3 /* images */,
				9B56D93A1F9FC222006316B3 /* AppDelegate.swift */,
				9B56D93C1F9FC222006316B3 /* ViewController.swift */,
				9B56D93E1F9FC222006316B3 /* Main.storyboard */,
				9B56D9411F9FC222006316B3 /* Assets.xcassets */,
				9B56D9431F9FC222006316B3 /* LaunchScreen.storyboard */,
				9B56D9461F9FC222006316B3 /* Info.plist */,
			);
			path = video_poker;
			sourceTree = "<group>";
		};
		9B56D94C1F9FC959006316B3 /* images */ = {
			isa = PBXGroup;
			children = (
				9B56DA251F9FE970006316B3 /* icons */,
				9B56D9A81F9FE7C4006316B3 /* misc */,
				9B56D9A71F9FE7B7006316B3 /* cards */,
				9B56D9A61F9FE798006316B3 /* blurs */,
			);
			path = images;
			sourceTree = "<group>";
		};
		9B56D94D1F9FC96C006316B3 /* fonts */ = {
			isa = PBXGroup;
			children = (
				9B56D9701F9FE77F006316B3 /* couture-bld.otf */,
			);
			path = fonts;
			sourceTree = "<group>";
		};
		9B56D9A61F9FE798006316B3 /* blurs */ = {
			isa = PBXGroup;
			children = (
				9B56DA1D1F9FE8E0006316B3 /* blur_1.png */,
				9B56DA1F1F9FE8E0006316B3 /* blur_2.png */,
				9B56DA1E1F9FE8E0006316B3 /* blur_3.png */,
				9B56DA1B1F9FE8E0006316B3 /* blur_4.png */,
				9B56DA1C1F9FE8E0006316B3 /* blur_5.png */,
			);
			path = blurs;
			sourceTree = "<group>";
		};
		9B56D9A71F9FE7B7006316B3 /* cards */ = {
			isa = PBXGroup;
			children = (
				9B56D9C41F9FE8CC006316B3 /* 1c.png */,
				9B56D9CF1F9FE8CD006316B3 /* 1d.png */,
				9B56D9BA1F9FE8CC006316B3 /* 1h.png */,
				9B56D9E21F9FE8CF006316B3 /* 1s.png */,
				9B56D9CE1F9FE8CD006316B3 /* 2c.png */,
				9B56D9BB1F9FE8CC006316B3 /* 2d.png */,
				9B56D9C91F9FE8CC006316B3 /* 2h.png */,
				9B56D9D01F9FE8CD006316B3 /* 2s.png */,
				9B56D9BC1F9FE8CC006316B3 /* 3c.png */,
				9B56D9BD1F9FE8CC006316B3 /* 3d.png */,
				9B56D9DB1F9FE8CE006316B3 /* 3h.png */,
				9B56D9B11F9FE8CB006316B3 /* 3s.png */,
				9B56D9C11F9FE8CC006316B3 /* 4c.png */,
				9B56D9D11F9FE8CD006316B3 /* 4d.png */,
				9B56D9C51F9FE8CC006316B3 /* 4h.png */,
				9B56D9B71F9FE8CB006316B3 /* 4s.png */,
				9B56D9B51F9FE8CB006316B3 /* 5c.png */,
				9B56D9B61F9FE8CB006316B3 /* 5d.png */,
				9B56D9CD1F9FE8CD006316B3 /* 5h.png */,
				9B56D9CC1F9FE8CD006316B3 /* 5s.png */,
				9B56D9C61F9FE8CC006316B3 /* 6c.png */,
				9B56D9DC1F9FE8CE006316B3 /* 6d.png */,
				9B56D9D41F9FE8CD006316B3 /* 6h.png */,
				9B56D9B31F9FE8CB006316B3 /* 6s.png */,
				9B56D9BE1F9FE8CC006316B3 /* 7c.png */,
				9B56D9D31F9FE8CD006316B3 /* 7d.png */,
				9B56D9B91F9FE8CC006316B3 /* 7h.png */,
				9B56D9DD1F9FE8CE006316B3 /* 7s.png */,
				9B56D9DF1F9FE8CE006316B3 /* 8c.png */,
				9B56D9DA1F9FE8CE006316B3 /* 8d.png */,
				9B56D9D21F9FE8CD006316B3 /* 8h.png */,
				9B56D9D81F9FE8CE006316B3 /* 8s.png */,
				9B56D9CB1F9FE8CC006316B3 /* 9c.png */,
				9B56D9C31F9FE8CC006316B3 /* 9d.png */,
				9B56D9E41F9FE8CF006316B3 /* 9h.png */,
				9B56D9DE1F9FE8CE006316B3 /* 9s.png */,
				9B56D9D61F9FE8CD006316B3 /* 10c.png */,
				9B56D9D71F9FE8CE006316B3 /* 10d.png */,
				9B56D9B21F9FE8CB006316B3 /* 10h.png */,
				9B56D9B81F9FE8CB006316B3 /* 10s.png */,
				9B56D9D91F9FE8CE006316B3 /* 11c.png */,
				9B56D9E51F9FE8CF006316B3 /* 11d.png */,
				9B56D9BF1F9FE8CC006316B3 /* 11h.png */,
				9B56D9C21F9FE8CC006316B3 /* 11s.png */,
				9B56D9E11F9FE8CF006316B3 /* 12c.png */,
				9B56D9E31F9FE8CF006316B3 /* 12d.png */,
				9B56D9C71F9FE8CC006316B3 /* 12h.png */,
				9B56D9E01F9FE8CE006316B3 /* 12s.png */,
				9B56D9C81F9FE8CC006316B3 /* 13c.png */,
				9B56D9B41F9FE8CB006316B3 /* 13d.png */,
				9B56D9D51F9FE8CD006316B3 /* 13h.png */,
				9B56D9C01F9FE8CC006316B3 /* 13s.png */,
				9B56D9CA1F9FE8CC006316B3 /* back.png */,
			);
			path = cards;
			sourceTree = "<group>";
		};
		9B56D9A81F9FE7C4006316B3 /* misc */ = {
			isa = PBXGroup;
			children = (
				9B41DC1F1FA35F6900761D8E /* launchsc.png */,
				9B56D9AC1F9FE87C006316B3 /* bg.png */,
				9B56D9AB1F9FE87C006316B3 /* buttons.png */,
				9B56D9AA1F9FE87C006316B3 /* delete.png */,
				9B56D9A91F9FE87C006316B3 /* logo.png */,
			);
			path = misc;
			sourceTree = "<group>";
		};
		9B56DA251F9FE970006316B3 /* icons */ = {
			isa = PBXGroup;
			children = (
				9B56DA421F9FE9BF006316B3 /* Icon-16.png */,
				9B56DA371F9FE9BE006316B3 /* Icon-20.png */,
				9B56DA3F1F9FE9BE006316B3 /* Icon-29.png */,
				9B56DA3C1F9FE9BE006316B3 /* Icon-32.png */,
				9B56DA2E1F9FE9BD006316B3 /* Icon-40.png */,
				9B56DA291F9FE9BD006316B3 /* Icon-48.png */,
				9B56DA3D1F9FE9BE006316B3 /* Icon-50.png */,
				9B56DA361F9FE9BE006316B3 /* Icon-55.png */,
				9B56DA2B1F9FE9BD006316B3 /* Icon-57.png */,
				9B56DA3A1F9FE9BE006316B3 /* Icon-58.png */,
				9B56DA2C1F9FE9BD006316B3 /* Icon-60.png */,
				9B56DA2A1F9FE9BD006316B3 /* Icon-64.png */,
				9B56DA311F9FE9BE006316B3 /* Icon-72.png */,
				9B56DA271F9FE9BD006316B3 /* Icon-76.png */,
				9B56DA261F9FE9BD006316B3 /* Icon-80.png */,
				9B56DA281F9FE9BD006316B3 /* Icon-87.png */,
				9B56DA341F9FE9BE006316B3 /* Icon-88.png */,
				9B56DA2D1F9FE9BD006316B3 /* Icon-100.png */,
				9B56DA381F9FE9BE006316B3 /* Icon-114.png */,
				9B56DA401F9FE9BE006316B3 /* Icon-120.png */,
				9B56DA301F9FE9BE006316B3 /* Icon-128.png */,
				9B56DA321F9FE9BE006316B3 /* Icon-144.png */,
				9B56DA391F9FE9BE006316B3 /* Icon-152.png */,
				9B56DA2F1F9FE9BE006316B3 /* Icon-167.png */,
				9B56DA3B1F9FE9BE006316B3 /* Icon-172.png */,
				9B56DA331F9FE9BE006316B3 /* Icon-180.png */,
				9B56DA351F9FE9BE006316B3 /* Icon-196.png */,
				9B56DA411F9FE9BF006316B3 /* Icon-256.png */,
				9B56DA431F9FE9BF006316B3 /* Icon-512.png */,
				9B56DA3E1F9FE9BE006316B3 /* Icon-1024.png */,
			);
			path = icons;
			sourceTree = "<group>";
		};
/* End PBXGroup section */

/* Begin PBXNativeTarget section */
		9B56D9361F9FC222006316B3 /* video_poker */ = {
			isa = PBXNativeTarget;
			buildConfigurationList = 9B56D9491F9FC222006316B3 /* Build configuration list for PBXNativeTarget "video_poker" */;
			buildPhases = (
				9B56D9331F9FC222006316B3 /* Sources */,
				9B56D9341F9FC222006316B3 /* Frameworks */,
				9B56D9351F9FC222006316B3 /* Resources */,
			);
			buildRules = (
			);
			dependencies = (
			);
			name = video_poker;
			productName = video_poker;
			productReference = 9B56D9371F9FC222006316B3 /* video_poker.app */;
			productType = "com.apple.product-type.application";
		};
/* End PBXNativeTarget section */

/* Begin PBXProject section */
		9B56D92F1F9FC222006316B3 /* Project object */ = {
			isa = PBXProject;
			attributes = {
				LastSwiftUpdateCheck = 0900;
				LastUpgradeCheck = 0900;
				ORGANIZATIONNAME = eleves;
				TargetAttributes = {
					9B56D9361F9FC222006316B3 = {
						CreatedOnToolsVersion = 9.0.1;
						ProvisioningStyle = Automatic;
					};
				};
			};
			buildConfigurationList = 9B56D9321F9FC222006316B3 /* Build configuration list for PBXProject "video_poker" */;
			compatibilityVersion = "Xcode 8.0";
			developmentRegion = en;
			hasScannedForEncodings = 0;
			knownRegions = (
				en,
				Base,
			);
			mainGroup = 9B56D92E1F9FC222006316B3;
			productRefGroup = 9B56D9381F9FC222006316B3 /* Products */;
			projectDirPath = "";
			projectRoot = "";
			targets = (
				9B56D9361F9FC222006316B3 /* video_poker */,
			);
		};
/* End PBXProject section */

/* Begin PBXResourcesBuildPhase section */
		9B56D9351F9FC222006316B3 /* Resources */ = {
			isa = PBXResourcesBuildPhase;
			buildActionMask = 2147483647;
			files = (
				9B56D9F31F9FE8CF006316B3 /* 7c.png in Resources */,
				9B56D9EE1F9FE8CF006316B3 /* 7h.png in Resources */,
				9B56D9451F9FC222006316B3 /* LaunchScreen.storyboard in Resources */,
				9B56DA181F9FE8CF006316B3 /* 12d.png in Resources */,
				9B56DA051F9FE8CF006316B3 /* 2s.png in Resources */,
				9B56D9421F9FC222006316B3 /* Assets.xcassets in Resources */,
				9B56DA611F9FE9BF006316B3 /* Icon-512.png in Resources */,
				9B56D9ED1F9FE8CF006316B3 /* 10s.png in Resources */,
				9B56D99C1F9FE781006316B3 /* couture-bld.otf in Resources */,
				9B56D9F41F9FE8CF006316B3 /* 11h.png in Resources */,
				9B56D9E91F9FE8CF006316B3 /* 13d.png in Resources */,
				9B56DA071F9FE8CF006316B3 /* 8h.png in Resources */,
				9B56D9F11F9FE8CF006316B3 /* 3c.png in Resources */,
				9B56DA201F9FE8E0006316B3 /* blur_4.png in Resources */,
				9B56D9EC1F9FE8CF006316B3 /* 4s.png in Resources */,
				9B56D9F91F9FE8CF006316B3 /* 1c.png in Resources */,
				9B56DA001F9FE8CF006316B3 /* 9c.png in Resources */,
				9B56DA141F9FE8CF006316B3 /* 8c.png in Resources */,
				9B56DA591F9FE9BF006316B3 /* Icon-172.png in Resources */,
				9B56DA521F9FE9BF006316B3 /* Icon-88.png in Resources */,
				9B56D9401F9FC222006316B3 /* Main.storyboard in Resources */,
				9B56DA5C1F9FE9BF006316B3 /* Icon-1024.png in Resources */,
				9B56D9FF1F9FE8CF006316B3 /* back.png in Resources */,
				9B56DA0A1F9FE8CF006316B3 /* 13h.png in Resources */,
				9B56D9F21F9FE8CF006316B3 /* 3d.png in Resources */,
				9B56D9AE1F9FE87C006316B3 /* delete.png in Resources */,
				9B56D9FC1F9FE8CF006316B3 /* 12h.png in Resources */,
				9B56DA111F9FE8CF006316B3 /* 6d.png in Resources */,
				9B56DA461F9FE9BF006316B3 /* Icon-87.png in Resources */,
				9B56D9E71F9FE8CF006316B3 /* 10h.png in Resources */,
				9B56D9FE1F9FE8CF006316B3 /* 2h.png in Resources */,
				9B56DA471F9FE9BF006316B3 /* Icon-48.png in Resources */,
				9B56DA241F9FE8E0006316B3 /* blur_2.png in Resources */,
				9B56DA0C1F9FE8CF006316B3 /* 10d.png in Resources */,
				9B56DA501F9FE9BF006316B3 /* Icon-144.png in Resources */,
				9B56D9AF1F9FE87C006316B3 /* buttons.png in Resources */,
				9B56D9E81F9FE8CF006316B3 /* 6s.png in Resources */,
				9B56DA041F9FE8CF006316B3 /* 1d.png in Resources */,
				9B56D9F81F9FE8CF006316B3 /* 9d.png in Resources */,
				9B56DA4A1F9FE9BF006316B3 /* Icon-60.png in Resources */,
				9B56D9EA1F9FE8CF006316B3 /* 5c.png in Resources */,
				9B56DA511F9FE9BF006316B3 /* Icon-180.png in Resources */,
				9B56DA0D1F9FE8CF006316B3 /* 8s.png in Resources */,
				9B56DA1A1F9FE8CF006316B3 /* 11d.png in Resources */,
				9B56DA081F9FE8CF006316B3 /* 7d.png in Resources */,
				9B56DA0E1F9FE8CF006316B3 /* 11c.png in Resources */,
				9B56DA541F9FE9BF006316B3 /* Icon-55.png in Resources */,
				9B56DA221F9FE8E0006316B3 /* blur_1.png in Resources */,
				9B56DA211F9FE8E0006316B3 /* blur_5.png in Resources */,
				9B56DA561F9FE9BF006316B3 /* Icon-114.png in Resources */,
				9B56DA101F9FE8CF006316B3 /* 3h.png in Resources */,
				9B56DA011F9FE8CF006316B3 /* 5s.png in Resources */,
				9B56DA551F9FE9BF006316B3 /* Icon-20.png in Resources */,
				9B56D9F51F9FE8CF006316B3 /* 13s.png in Resources */,
				9B56DA531F9FE9BF006316B3 /* Icon-196.png in Resources */,
				9B56DA571F9FE9BF006316B3 /* Icon-152.png in Resources */,
				9B56DA451F9FE9BF006316B3 /* Icon-76.png in Resources */,
				9B56DA5E1F9FE9BF006316B3 /* Icon-120.png in Resources */,
				9B56DA121F9FE8CF006316B3 /* 7s.png in Resources */,
				9B56DA4B1F9FE9BF006316B3 /* Icon-100.png in Resources */,
				9B56DA4C1F9FE9BF006316B3 /* Icon-40.png in Resources */,
				9B56DA581F9FE9BF006316B3 /* Icon-58.png in Resources */,
				9B56DA151F9FE8CF006316B3 /* 12s.png in Resources */,
				9B56DA441F9FE9BF006316B3 /* Icon-80.png in Resources */,
				9B56DA481F9FE9BF006316B3 /* Icon-64.png in Resources */,
				9B56DA131F9FE8CF006316B3 /* 9s.png in Resources */,
				9B56DA0B1F9FE8CF006316B3 /* 10c.png in Resources */,
				9B56D9B01F9FE87C006316B3 /* bg.png in Resources */,
				9B41DC201FA35F6900761D8E /* launchsc.png in Resources */,
				9B56DA091F9FE8CF006316B3 /* 6h.png in Resources */,
				9B56DA4E1F9FE9BF006316B3 /* Icon-128.png in Resources */,
				9B56DA4D1F9FE9BF006316B3 /* Icon-167.png in Resources */,
				9B56D9FD1F9FE8CF006316B3 /* 13c.png in Resources */,
				9B56DA5A1F9FE9BF006316B3 /* Icon-32.png in Resources */,
				9B56DA231F9FE8E0006316B3 /* blur_3.png in Resources */,
				9B56D9EF1F9FE8CF006316B3 /* 1h.png in Resources */,
				9B56DA161F9FE8CF006316B3 /* 12c.png in Resources */,
				9B56D9FB1F9FE8CF006316B3 /* 6c.png in Resources */,
				9B56D9E61F9FE8CF006316B3 /* 3s.png in Resources */,
				9B56D9EB1F9FE8CF006316B3 /* 5d.png in Resources */,
				9B56DA191F9FE8CF006316B3 /* 9h.png in Resources */,
				9B56DA601F9FE9BF006316B3 /* Icon-16.png in Resources */,
				9B56D9F61F9FE8CF006316B3 /* 4c.png in Resources */,
				9B56DA0F1F9FE8CF006316B3 /* 8d.png in Resources */,
				9B56DA491F9FE9BF006316B3 /* Icon-57.png in Resources */,
				9B56D9F71F9FE8CF006316B3 /* 11s.png in Resources */,
				9B56DA5D1F9FE9BF006316B3 /* Icon-29.png in Resources */,
				9B56DA021F9FE8CF006316B3 /* 5h.png in Resources */,
				9B56DA061F9FE8CF006316B3 /* 4d.png in Resources */,
				9B56DA5B1F9FE9BF006316B3 /* Icon-50.png in Resources */,
				9B56D9AD1F9FE87C006316B3 /* logo.png in Resources */,
				9B56DA4F1F9FE9BF006316B3 /* Icon-72.png in Resources */,
				9B56DA031F9FE8CF006316B3 /* 2c.png in Resources */,
				9B56DA5F1F9FE9BF006316B3 /* Icon-256.png in Resources */,
				9B56DA171F9FE8CF006316B3 /* 1s.png in Resources */,
				9B56D9FA1F9FE8CF006316B3 /* 4h.png in Resources */,
				9B56D9F01F9FE8CF006316B3 /* 2d.png in Resources */,
			);
			runOnlyForDeploymentPostprocessing = 0;
		};
/* End PBXResourcesBuildPhase section */

/* Begin PBXSourcesBuildPhase section */
		9B56D9331F9FC222006316B3 /* Sources */ = {
			isa = PBXSourcesBuildPhase;
			buildActionMask = 2147483647;
			files = (
				9B56D93D1F9FC222006316B3 /* ViewController.swift in Sources */,
				9B56DA631FA006D8006316B3 /* PokerHands.swift in Sources */,
				9B4C92601FA24C0C000860AE /* UserDefaultsManager.swift in Sources */,
				9B56D93B1F9FC222006316B3 /* AppDelegate.swift in Sources */,
			);
			runOnlyForDeploymentPostprocessing = 0;
		};
/* End PBXSourcesBuildPhase section */

/* Begin PBXVariantGroup section */
		9B56D93E1F9FC222006316B3 /* Main.storyboard */ = {
			isa = PBXVariantGroup;
			children = (
				9B56D93F1F9FC222006316B3 /* Base */,
			);
			name = Main.storyboard;
			sourceTree = "<group>";
		};
		9B56D9431F9FC222006316B3 /* LaunchScreen.storyboard */ = {
			isa = PBXVariantGroup;
			children = (
				9B56D9441F9FC222006316B3 /* Base */,
			);
			name = LaunchScreen.storyboard;
			sourceTree = "<group>";
		};
/* End PBXVariantGroup section */

/* Begin XCBuildConfiguration section */
		9B56D9471F9FC222006316B3 /* Debug */ = {
			isa = XCBuildConfiguration;
			buildSettings = {
				ALWAYS_SEARCH_USER_PATHS = NO;
				CLANG_ANALYZER_NONNULL = YES;
				CLANG_ANALYZER_NUMBER_OBJECT_CONVERSION = YES_AGGRESSIVE;
				CLANG_CXX_LANGUAGE_STANDARD = "gnu++14";
				CLANG_CXX_LIBRARY = "libc++";
				CLANG_ENABLE_MODULES = YES;
				CLANG_ENABLE_OBJC_ARC = YES;
				CLANG_WARN_BLOCK_CAPTURE_AUTORELEASING = YES;
				CLANG_WARN_BOOL_CONVERSION = YES;
				CLANG_WARN_COMMA = YES;
				CLANG_WARN_CONSTANT_CONVERSION = YES;
				CLANG_WARN_DIRECT_OBJC_ISA_USAGE = YES_ERROR;
				CLANG_WARN_DOCUMENTATION_COMMENTS = YES;
				CLANG_WARN_EMPTY_BODY = YES;
				CLANG_WARN_ENUM_CONVERSION = YES;
				CLANG_WARN_INFINITE_RECURSION = YES;
				CLANG_WARN_INT_CONVERSION = YES;
				CLANG_WARN_NON_LITERAL_NULL_CONVERSION = YES;
				CLANG_WARN_OBJC_LITERAL_CONVERSION = YES;
				CLANG_WARN_OBJC_ROOT_CLASS = YES_ERROR;
				CLANG_WARN_RANGE_LOOP_ANALYSIS = YES;
				CLANG_WARN_STRICT_PROTOTYPES = YES;
				CLANG_WARN_SUSPICIOUS_MOVE = YES;
				CLANG_WARN_UNGUARDED_AVAILABILITY = YES_AGGRESSIVE;
				CLANG_WARN_UNREACHABLE_CODE = YES;
				CLANG_WARN__DUPLICATE_METHOD_MATCH = YES;
				CODE_SIGN_IDENTITY = "iPhone Developer";
				COPY_PHASE_STRIP = NO;
				DEBUG_INFORMATION_FORMAT = dwarf;
				ENABLE_STRICT_OBJC_MSGSEND = YES;
				ENABLE_TESTABILITY = YES;
				GCC_C_LANGUAGE_STANDARD = gnu11;
				GCC_DYNAMIC_NO_PIC = NO;
				GCC_NO_COMMON_BLOCKS = YES;
				GCC_OPTIMIZATION_LEVEL = 0;
				GCC_PREPROCESSOR_DEFINITIONS = (
					"DEBUG=1",
					"$(inherited)",
				);
				GCC_WARN_64_TO_32_BIT_CONVERSION = YES;
				GCC_WARN_ABOUT_RETURN_TYPE = YES_ERROR;
				GCC_WARN_UNDECLARED_SELECTOR = YES;
				GCC_WARN_UNINITIALIZED_AUTOS = YES_AGGRESSIVE;
				GCC_WARN_UNUSED_FUNCTION = YES;
				GCC_WARN_UNUSED_VARIABLE = YES;
				IPHONEOS_DEPLOYMENT_TARGET = 11.0;
				MTL_ENABLE_DEBUG_INFO = YES;
				ONLY_ACTIVE_ARCH = YES;
				SDKROOT = iphoneos;
				SWIFT_ACTIVE_COMPILATION_CONDITIONS = DEBUG;
				SWIFT_OPTIMIZATION_LEVEL = "-Onone";
			};
			name = Debug;
		};
		9B56D9481F9FC222006316B3 /* Release */ = {
			isa = XCBuildConfiguration;
			buildSettings = {
				ALWAYS_SEARCH_USER_PATHS = NO;
				CLANG_ANALYZER_NONNULL = YES;
				CLANG_ANALYZER_NUMBER_OBJECT_CONVERSION = YES_AGGRESSIVE;
				CLANG_CXX_LANGUAGE_STANDARD = "gnu++14";
				CLANG_CXX_LIBRARY = "libc++";
				CLANG_ENABLE_MODULES = YES;
				CLANG_ENABLE_OBJC_ARC = YES;
				CLANG_WARN_BLOCK_CAPTURE_AUTORELEASING = YES;
				CLANG_WARN_BOOL_CONVERSION = YES;
				CLANG_WARN_COMMA = YES;
				CLANG_WARN_CONSTANT_CONVERSION = YES;
				CLANG_WARN_DIRECT_OBJC_ISA_USAGE = YES_ERROR;
				CLANG_WARN_DOCUMENTATION_COMMENTS = YES;
				CLANG_WARN_EMPTY_BODY = YES;
				CLANG_WARN_ENUM_CONVERSION = YES;
				CLANG_WARN_INFINITE_RECURSION = YES;
				CLANG_WARN_INT_CONVERSION = YES;
				CLANG_WARN_NON_LITERAL_NULL_CONVERSION = YES;
				CLANG_WARN_OBJC_LITERAL_CONVERSION = YES;
				CLANG_WARN_OBJC_ROOT_CLASS = YES_ERROR;
				CLANG_WARN_RANGE_LOOP_ANALYSIS = YES;
				CLANG_WARN_STRICT_PROTOTYPES = YES;
				CLANG_WARN_SUSPICIOUS_MOVE = YES;
				CLANG_WARN_UNGUARDED_AVAILABILITY = YES_AGGRESSIVE;
				CLANG_WARN_UNREACHABLE_CODE = YES;
				CLANG_WARN__DUPLICATE_METHOD_MATCH = YES;
				CODE_SIGN_IDENTITY = "iPhone Developer";
				COPY_PHASE_STRIP = NO;
				DEBUG_INFORMATION_FORMAT = "dwarf-with-dsym";
				ENABLE_NS_ASSERTIONS = NO;
				ENABLE_STRICT_OBJC_MSGSEND = YES;
				GCC_C_LANGUAGE_STANDARD = gnu11;
				GCC_NO_COMMON_BLOCKS = YES;
				GCC_WARN_64_TO_32_BIT_CONVERSION = YES;
				GCC_WARN_ABOUT_RETURN_TYPE = YES_ERROR;
				GCC_WARN_UNDECLARED_SELECTOR = YES;
				GCC_WARN_UNINITIALIZED_AUTOS = YES_AGGRESSIVE;
				GCC_WARN_UNUSED_FUNCTION = YES;
				GCC_WARN_UNUSED_VARIABLE = YES;
				IPHONEOS_DEPLOYMENT_TARGET = 11.0;
				MTL_ENABLE_DEBUG_INFO = NO;
				SDKROOT = iphoneos;
				SWIFT_OPTIMIZATION_LEVEL = "-Owholemodule";
				VALIDATE_PRODUCT = YES;
			};
			name = Release;
		};
		9B56D94A1F9FC222006316B3 /* Debug */ = {
			isa = XCBuildConfiguration;
			buildSettings = {
				ASSETCATALOG_COMPILER_APPICON_NAME = AppIcon;
				CODE_SIGN_STYLE = Automatic;
				INFOPLIST_FILE = video_poker/Info.plist;
				LD_RUNPATH_SEARCH_PATHS = "$(inherited) @executable_path/Frameworks";
				PRODUCT_BUNDLE_IDENTIFIER = "com.andre.video-poker";
				PRODUCT_NAME = "$(TARGET_NAME)";
				SWIFT_VERSION = 4.0;
				TARGETED_DEVICE_FAMILY = "1,2";
			};
			name = Debug;
		};
		9B56D94B1F9FC222006316B3 /* Release */ = {
			isa = XCBuildConfiguration;
			buildSettings = {
				ASSETCATALOG_COMPILER_APPICON_NAME = AppIcon;
				CODE_SIGN_STYLE = Automatic;
				INFOPLIST_FILE = video_poker/Info.plist;
				LD_RUNPATH_SEARCH_PATHS = "$(inherited) @executable_path/Frameworks";
				PRODUCT_BUNDLE_IDENTIFIER = "com.andre.video-poker";
				PRODUCT_NAME = "$(TARGET_NAME)";
				SWIFT_VERSION = 4.0;
				TARGETED_DEVICE_FAMILY = "1,2";
			};
			name = Release;
		};
/* End XCBuildConfiguration section */

/* Begin XCConfigurationList section */
		9B56D9321F9FC222006316B3 /* Build configuration list for PBXProject "video_poker" */ = {
			isa = XCConfigurationList;
			buildConfigurations = (
				9B56D9471F9FC222006316B3 /* Debug */,
				9B56D9481F9FC222006316B3 /* Release */,
			);
			defaultConfigurationIsVisible = 0;
			defaultConfigurationName = Release;
		};
		9B56D9491F9FC222006316B3 /* Build configuration list for PBXNativeTarget "video_poker" */ = {
			isa = XCConfigurationList;
			buildConfigurations = (
				9B56D94A1F9FC222006316B3 /* Debug */,
				9B56D94B1F9FC222006316B3 /* Release */,
			);
			defaultConfigurationIsVisible = 0;
			defaultConfigurationName = Release;
		};
/* End XCConfigurationList section */
	};
	rootObject = 9B56D92F1F9FC222006316B3 /* Project object */;
}
